
Microsoft Visual Studio Solution File, Format Version 12.00
# Visual Studio Version 16
VisualStudioVersion = 25.0.1705.4
MinimumVisualStudioVersion = 10.0.40219.1
Project("{FAE04EC0-301F-11D3-BF4B-00C04F79EFBC}") = "IOfBefoldher", "IOfBefoldher\IOfBefoldher.csproj", "{C72EEC34-639B-4CB6-8DB8-C76B413A1AA3}"
EndProject
Global
	GlobalSection(SolutionConfigurationPlatforms) = preSolution
		Debug|Any CPU = Debug|Any CPU
		Release|Any CPU = Release|Any CPU
	EndGlobalSection
	GlobalSection(ProjectConfigurationPlatforms) = postSolution
		{C72EEC34-639B-4CB6-8DB8-C76B413A1AA3}.Debug|Any CPU.ActiveCfg = Debug|Any CPU
		{C72EEC34-639B-4CB6-8DB8-C76B413A1AA3}.Debug|Any CPU.Build.0 = Debug|Any CPU
		{C72EEC34-639B-4CB6-8DB8-C76B413A1AA3}.Release|Any CPU.ActiveCfg = Release|Any CPU
		{C72EEC34-639B-4CB6-8DB8-C76B413A1AA3}.Release|Any CPU.Build.0 = Release|Any CPU
	EndGlobalSection
	GlobalSection(SolutionProperties) = preSolution
		HideSolutionNode = FALSE
	EndGlobalSection
	GlobalSection(ExtensibilityGlobals) = postSolution
		SolutionGuid = {4275B8C6-9F80-4C8A-8466-B30182C8AF0C}
	EndGlobalSection
EndGlobal
